
Microsoft Visual Studio Solution File, Format Version 12.00
# Visual Studio Version 17
VisualStudioVersion = 17.4.33205.214
MinimumVisualStudioVersion = 10.0.40219.1
Project("{FAE04EC0-301F-11D3-BF4B-00C04F79EFBC}") = "assaignment", "assaignment\assaignment.csproj", "{9F4787CA-9EAE-442A-ACAE-E845A084FBF1}"
EndProject
Global
	GlobalSection(SolutionConfigurationPlatforms) = preSolution
		Debug|Any CPU = Debug|Any CPU
		Release|Any CPU = Release|Any CPU
	EndGlobalSection
	GlobalSection(ProjectConfigurationPlatforms) = postSolution
		{9F4787CA-9EAE-442A-ACAE-E845A084FBF1}.Debug|Any CPU.ActiveCfg = Debug|Any CPU
		{9F4787CA-9EAE-442A-ACAE-E845A084FBF1}.Debug|Any CPU.Build.0 = Debug|Any CPU
		{9F4787CA-9EAE-442A-ACAE-E845A084FBF1}.Release|Any CPU.ActiveCfg = Release|Any CPU
		{9F4787CA-9EAE-442A-ACAE-E845A084FBF1}.Release|Any CPU.Build.0 = Release|Any CPU
	EndGlobalSection
	GlobalSection(SolutionProperties) = preSolution
		HideSolutionNode = FALSE
	EndGlobalSection
	GlobalSection(ExtensibilityGlobals) = postSolution
		SolutionGuid = {22E89D0C-6233-414E-B104-A35C4D189C76}
	EndGlobalSection
EndGlobal
